
Microsoft Visual Studio Solution File, Format Version 12.00
# Visual Studio Version 17
VisualStudioVersion = 17.7.34024.191
MinimumVisualStudioVersion = 10.0.40219.1
Project("{2150E333-8FDC-42A3-9474-1A3956D46DE8}") = "Common", "Common", "{58D3F6E5-C9CB-4699-BFC2-D8B02FB8ED4B}"
EndProject
Project("{2150E333-8FDC-42A3-9474-1A3956D46DE8}") = "Components", "Components", "{65E2B0ED-9868-44EF-9C79-6EFBDC61FA53}"
EndProject
Project("{2150E333-8FDC-42A3-9474-1A3956D46DE8}") = "Helpers", "Helpers", "{E4D7B239-75A1-499F-AFFE-E603D3D4B2BD}"
EndProject
Project("{9A19103F-16F7-4668-BE54-9A1E7A4F7556}") = "Components", "Common\Components\Components.csproj", "{9EBAFA47-86AA-4038-B52C-43828897B983}"
EndProject
Project("{9A19103F-16F7-4668-BE54-9A1E7A4F7556}") = "Helpers", "Common\Helpers\Helpers.csproj", "{8558DD73-DEFB-449D-8DC3-80FDACDD0809}"
EndProject
Project("{2150E333-8FDC-42A3-9474-1A3956D46DE8}") = "Services", "Services", "{0B90F3DC-A5E5-4800-9C2F-EAAB842B07E5}"
EndProject
Project("{9A19103F-16F7-4668-BE54-9A1E7A4F7556}") = "Services", "Common\Services\Services.csproj", "{01B54F31-43C9-4AD4-8131-DD08668F52F8}"
EndProject
Project("{2150E333-8FDC-42A3-9474-1A3956D46DE8}") = "Utils", "Utils", "{E9AD3D62-8710-46A6-B1BA-6B506C6DD0E3}"
EndProject
Project("{9A19103F-16F7-4668-BE54-9A1E7A4F7556}") = "Utils", "Common\Utils\Utils.csproj", "{6F141249-6CAF-4975-84CE-0E2EBE89A1C7}"
EndProject
Project("{2150E333-8FDC-42A3-9474-1A3956D46DE8}") = "Repositories", "Repositories", "{99425568-6788-47ED-84A6-5B2A9FA29B28}"
EndProject
Project("{9A19103F-16F7-4668-BE54-9A1E7A4F7556}") = "Repositories", "Repositories\Repositories.csproj", "{324318D8-F68C-4227-A925-1ABD31C57C07}"
EndProject
Project("{9A19103F-16F7-4668-BE54-9A1E7A4F7556}") = "Api", "Api\Api.csproj", "{42A226F9-DC76-4665-B823-14E9177535F5}"
EndProject
Project("{9A19103F-16F7-4668-BE54-9A1E7A4F7556}") = "Entities", "Common\Entities\Entities.csproj", "{0F30BF9C-A5B0-4335-AEE2-F0D9A321038E}"
EndProject
Global
	GlobalSection(SolutionConfigurationPlatforms) = preSolution
		Debug|Any CPU = Debug|Any CPU
		Release|Any CPU = Release|Any CPU
	EndGlobalSection
	GlobalSection(ProjectConfigurationPlatforms) = postSolution
		{9EBAFA47-86AA-4038-B52C-43828897B983}.Debug|Any CPU.ActiveCfg = Debug|Any CPU
		{9EBAFA47-86AA-4038-B52C-43828897B983}.Debug|Any CPU.Build.0 = Debug|Any CPU
		{9EBAFA47-86AA-4038-B52C-43828897B983}.Release|Any CPU.ActiveCfg = Release|Any CPU
		{9EBAFA47-86AA-4038-B52C-43828897B983}.Release|Any CPU.Build.0 = Release|Any CPU
		{8558DD73-DEFB-449D-8DC3-80FDACDD0809}.Debug|Any CPU.ActiveCfg = Debug|Any CPU
		{8558DD73-DEFB-449D-8DC3-80FDACDD0809}.Debug|Any CPU.Build.0 = Debug|Any CPU
		{8558DD73-DEFB-449D-8DC3-80FDACDD0809}.Release|Any CPU.ActiveCfg = Release|Any CPU
		{8558DD73-DEFB-449D-8DC3-80FDACDD0809}.Release|Any CPU.Build.0 = Release|Any CPU
		{01B54F31-43C9-4AD4-8131-DD08668F52F8}.Debug|Any CPU.ActiveCfg = Debug|Any CPU
		{01B54F31-43C9-4AD4-8131-DD08668F52F8}.Debug|Any CPU.Build.0 = Debug|Any CPU
		{01B54F31-43C9-4AD4-8131-DD08668F52F8}.Release|Any CPU.ActiveCfg = Release|Any CPU
		{01B54F31-43C9-4AD4-8131-DD08668F52F8}.Release|Any CPU.Build.0 = Release|Any CPU
		{6F141249-6CAF-4975-84CE-0E2EBE89A1C7}.Debug|Any CPU.ActiveCfg = Debug|Any CPU
		{6F141249-6CAF-4975-84CE-0E2EBE89A1C7}.Debug|Any CPU.Build.0 = Debug|Any CPU
		{6F141249-6CAF-4975-84CE-0E2EBE89A1C7}.Release|Any CPU.ActiveCfg = Release|Any CPU
		{6F141249-6CAF-4975-84CE-0E2EBE89A1C7}.Release|Any CPU.Build.0 = Release|Any CPU
		{324318D8-F68C-4227-A925-1ABD31C57C07}.Debug|Any CPU.ActiveCfg = Debug|Any CPU
		{324318D8-F68C-4227-A925-1ABD31C57C07}.Debug|Any CPU.Build.0 = Debug|Any CPU
		{324318D8-F68C-4227-A925-1ABD31C57C07}.Release|Any CPU.ActiveCfg = Release|Any CPU
		{324318D8-F68C-4227-A925-1ABD31C57C07}.Release|Any CPU.Build.0 = Release|Any CPU
		{42A226F9-DC76-4665-B823-14E9177535F5}.Debug|Any CPU.ActiveCfg = Debug|Any CPU
		{42A226F9-DC76-4665-B823-14E9177535F5}.Debug|Any CPU.Build.0 = Debug|Any CPU
		{42A226F9-DC76-4665-B823-14E9177535F5}.Release|Any CPU.ActiveCfg = Release|Any CPU
		{42A226F9-DC76-4665-B823-14E9177535F5}.Release|Any CPU.Build.0 = Release|Any CPU
		{0F30BF9C-A5B0-4335-AEE2-F0D9A321038E}.Debug|Any CPU.ActiveCfg = Debug|Any CPU
		{0F30BF9C-A5B0-4335-AEE2-F0D9A321038E}.Debug|Any CPU.Build.0 = Debug|Any CPU
		{0F30BF9C-A5B0-4335-AEE2-F0D9A321038E}.Release|Any CPU.ActiveCfg = Release|Any CPU
		{0F30BF9C-A5B0-4335-AEE2-F0D9A321038E}.Release|Any CPU.Build.0 = Release|Any CPU
	EndGlobalSection
	GlobalSection(SolutionProperties) = preSolution
		HideSolutionNode = FALSE
	EndGlobalSection
	GlobalSection(NestedProjects) = preSolution
		{65E2B0ED-9868-44EF-9C79-6EFBDC61FA53} = {58D3F6E5-C9CB-4699-BFC2-D8B02FB8ED4B}
		{E4D7B239-75A1-499F-AFFE-E603D3D4B2BD} = {58D3F6E5-C9CB-4699-BFC2-D8B02FB8ED4B}
		{9EBAFA47-86AA-4038-B52C-43828897B983} = {65E2B0ED-9868-44EF-9C79-6EFBDC61FA53}
		{8558DD73-DEFB-449D-8DC3-80FDACDD0809} = {E4D7B239-75A1-499F-AFFE-E603D3D4B2BD}
		{0B90F3DC-A5E5-4800-9C2F-EAAB842B07E5} = {58D3F6E5-C9CB-4699-BFC2-D8B02FB8ED4B}
		{01B54F31-43C9-4AD4-8131-DD08668F52F8} = {0B90F3DC-A5E5-4800-9C2F-EAAB842B07E5}
		{E9AD3D62-8710-46A6-B1BA-6B506C6DD0E3} = {58D3F6E5-C9CB-4699-BFC2-D8B02FB8ED4B}
		{6F141249-6CAF-4975-84CE-0E2EBE89A1C7} = {E9AD3D62-8710-46A6-B1BA-6B506C6DD0E3}
		{324318D8-F68C-4227-A925-1ABD31C57C07} = {99425568-6788-47ED-84A6-5B2A9FA29B28}
		{0F30BF9C-A5B0-4335-AEE2-F0D9A321038E} = {58D3F6E5-C9CB-4699-BFC2-D8B02FB8ED4B}
	EndGlobalSection
	GlobalSection(ExtensibilityGlobals) = postSolution
		SolutionGuid = {3BC7D694-9646-452F-9F17-33920B8295A9}
	EndGlobalSection
EndGlobal
